Microsoft Visual Studio Solution File, Format Version 12.00
# Visual Studio Version 17
VisualStudioVersion = 17.5.2.0
MinimumVisualStudioVersion = 10.0.40219.1
Project("{2150E333-8FDC-42A3-9474-1A3956D46DE8}") = "Host", "Host", "{7226ABEA-787E-1D09-10EA-A2ECF996D6A6}"
EndProject
Project("{2150E333-8FDC-42A3-9474-1A3956D46DE8}") = "Plugins", "Plugins", "{07D57EEB-2F50-60C4-C011-FE4FA775C9A8}"
EndProject
Project("{2150E333-8FDC-42A3-9474-1A3956D46DE8}") = "Abstractions", "Abstractions", "{67BFE618-E232-7DE5-34A1-02EE902F7C19}"
EndProject
Project("{FAE04EC0-301F-11D3-BF4B-00C04F79EFBC}") = "Contoso.Plugin.Host", "Host\Contoso.Plugin.Host\Contoso.Plugin.Host.csproj", "{61F20857-5180-7286-0E06-3CCFB4D441CC}"
EndProject
Project("{FAE04EC0-301F-11D3-BF4B-00C04F79EFBC}") = "Tax.JP", "Plugins\Tax.JP\Tax.JP.csproj", "{C546814C-48AA-9F3D-326D-6BAA546DB784}"
EndProject
Project("{FAE04EC0-301F-11D3-BF4B-00C04F79EFBC}") = "Contoso.Plugin.Abstractions", "Abstractions\Contoso.Plugin.Abstractions\Contoso.Plugin.Abstractions.csproj", "{C8E80C57-F852-B1AB-F773-EC8DB0DA23F9}"
EndProject
Global
	GlobalSection(SolutionConfigurationPlatforms) = preSolution
		Debug|Any CPU = Debug|Any CPU
		Release|Any CPU = Release|Any CPU
	EndGlobalSection
	GlobalSection(ProjectConfigurationPlatforms) = postSolution
		{61F20857-5180-7286-0E06-3CCFB4D441CC}.Debug|Any CPU.ActiveCfg = Debug|Any CPU
		{61F20857-5180-7286-0E06-3CCFB4D441CC}.Debug|Any CPU.Build.0 = Debug|Any CPU
		{61F20857-5180-7286-0E06-3CCFB4D441CC}.Release|Any CPU.ActiveCfg = Release|Any CPU
		{61F20857-5180-7286-0E06-3CCFB4D441CC}.Release|Any CPU.Build.0 = Release|Any CPU
		{C546814C-48AA-9F3D-326D-6BAA546DB784}.Debug|Any CPU.ActiveCfg = Debug|Any CPU
		{C546814C-48AA-9F3D-326D-6BAA546DB784}.Debug|Any CPU.Build.0 = Debug|Any CPU
		{C546814C-48AA-9F3D-326D-6BAA546DB784}.Release|Any CPU.ActiveCfg = Release|Any CPU
		{C546814C-48AA-9F3D-326D-6BAA546DB784}.Release|Any CPU.Build.0 = Release|Any CPU
		{C8E80C57-F852-B1AB-F773-EC8DB0DA23F9}.Debug|Any CPU.ActiveCfg = Debug|Any CPU
		{C8E80C57-F852-B1AB-F773-EC8DB0DA23F9}.Debug|Any CPU.Build.0 = Debug|Any CPU
		{C8E80C57-F852-B1AB-F773-EC8DB0DA23F9}.Release|Any CPU.ActiveCfg = Release|Any CPU
		{C8E80C57-F852-B1AB-F773-EC8DB0DA23F9}.Release|Any CPU.Build.0 = Release|Any CPU
	EndGlobalSection
	GlobalSection(SolutionProperties) = preSolution
		HideSolutionNode = FALSE
	EndGlobalSection
	GlobalSection(NestedProjects) = preSolution
		{61F20857-5180-7286-0E06-3CCFB4D441CC} = {7226ABEA-787E-1D09-10EA-A2ECF996D6A6}
		{C546814C-48AA-9F3D-326D-6BAA546DB784} = {07D57EEB-2F50-60C4-C011-FE4FA775C9A8}
		{C8E80C57-F852-B1AB-F773-EC8DB0DA23F9} = {67BFE618-E232-7DE5-34A1-02EE902F7C19}
	EndGlobalSection
	GlobalSection(ExtensibilityGlobals) = postSolution
		SolutionGuid = {584CEE5C-2DB6-49C1-903D-E3C36D485AC8}
	EndGlobalSection
EndGlobal
